// !$*UTF8*$!
{
	archiveVersion = 1;
	classes = {
	};
	objectVersion = 50;
	objects = {

/* Begin PBXBuildFile section */
		1C90BFFF243E0F1A001A9960 /* AppDelegate.swift in Sources */ = {isa = PBXBuildFile; fileRef = 1C90BFFE243E0F1A001A9960 /* AppDelegate.swift */; };
		1C90C001243E0F1A001A9960 /* SceneDelegate.swift in Sources */ = {isa = PBXBuildFile; fileRef = 1C90C000243E0F1A001A9960 /* SceneDelegate.swift */; };
		1C90C003243E0F1A001A9960 /* ViewController.swift in Sources */ = {isa = PBXBuildFile; fileRef = 1C90C002243E0F1A001A9960 /* ViewController.swift */; };
		1C90C006243E0F1B001A9960 /* Main.storyboard in Resources */ = {isa = PBXBuildFile; fileRef = 1C90C004243E0F1B001A9960 /* Main.storyboard */; };
		1C90C009243E0F1B001A9960 /* EMI_Calculator.xcdatamodeld in Sources */ = {isa = PBXBuildFile; fileRef = 1C90C007243E0F1B001A9960 /* EMI_Calculator.xcdatamodeld */; };
		1C90C00B243E0F26001A9960 /* Assets.xcassets in Resources */ = {isa = PBXBuildFile; fileRef = 1C90C00A243E0F26001A9960 /* Assets.xcassets */; };
		1C90C00E243E0F26001A9960 /* LaunchScreen.storyboard in Resources */ = {isa = PBXBuildFile; fileRef = 1C90C00C243E0F26001A9960 /* LaunchScreen.storyboard */; };
		1C90C019243E0F27001A9960 /* EMI_CalculatorTests.swift in Sources */ = {isa = PBXBuildFile; fileRef = 1C90C018243E0F27001A9960 /* EMI_CalculatorTests.swift */; };
		1C90C024243E0F27001A9960 /* EMI_CalculatorUITests.swift in Sources */ = {isa = PBXBuildFile; fileRef = 1C90C023243E0F27001A9960 /* EMI_CalculatorUITests.swift */; };
		6896E638244336D600953F4D /* OpenSans-SemiBold.ttf in Resources */ = {isa = PBXBuildFile; fileRef = 6896E635244336D500953F4D /* OpenSans-SemiBold.ttf */; };
		6896E639244336D600953F4D /* OpenSans-Regular.ttf in Resources */ = {isa = PBXBuildFile; fileRef = 6896E636244336D600953F4D /* OpenSans-Regular.ttf */; };
		6896E63A244336D600953F4D /* OpenSans-Bold.ttf in Resources */ = {isa = PBXBuildFile; fileRef = 6896E637244336D600953F4D /* OpenSans-Bold.ttf */; };
		6896E6432443384100953F4D /* EMIDetailCell.swift in Sources */ = {isa = PBXBuildFile; fileRef = 6896E63D2443384100953F4D /* EMIDetailCell.swift */; };
		6896E6442443384100953F4D /* EMIDetailHeaderCell.xib in Resources */ = {isa = PBXBuildFile; fileRef = 6896E63E2443384100953F4D /* EMIDetailHeaderCell.xib */; };
		6896E6452443384100953F4D /* HistoryCell.xib in Resources */ = {isa = PBXBuildFile; fileRef = 6896E63F2443384100953F4D /* HistoryCell.xib */; };
		6896E6462443384100953F4D /* EMIDetailCell.xib in Resources */ = {isa = PBXBuildFile; fileRef = 6896E6402443384100953F4D /* EMIDetailCell.xib */; };
		6896E6472443384100953F4D /* EMIDetailHeaderCell.swift in Sources */ = {isa = PBXBuildFile; fileRef = 6896E6412443384100953F4D /* EMIDetailHeaderCell.swift */; };
		6896E6482443384100953F4D /* HistoryCell.swift in Sources */ = {isa = PBXBuildFile; fileRef = 6896E6422443384100953F4D /* HistoryCell.swift */; };
		6896E64F2443387700953F4D /* EMIInitialFormViewController.xib in Resources */ = {isa = PBXBuildFile; fileRef = 6896E6492443387700953F4D /* EMIInitialFormViewController.xib */; };
		6896E6502443387700953F4D /* EMIHistoryViewController.xib in Resources */ = {isa = PBXBuildFile; fileRef = 6896E64A2443387700953F4D /* EMIHistoryViewController.xib */; };
		6896E6512443387700953F4D /* EMIHistoryViewController.swift in Sources */ = {isa = PBXBuildFile; fileRef = 6896E64B2443387700953F4D /* EMIHistoryViewController.swift */; };
		6896E6522443387700953F4D /* EMIDetailViewController.swift in Sources */ = {isa = PBXBuildFile; fileRef = 6896E64C2443387700953F4D /* EMIDetailViewController.swift */; };
		6896E6532443387700953F4D /* EMIInitialFormViewController.swift in Sources */ = {isa = PBXBuildFile; fileRef = 6896E64D2443387700953F4D /* EMIInitialFormViewController.swift */; };
		6896E6542443387700953F4D /* EMIDetailViewController.xib in Resources */ = {isa = PBXBuildFile; fileRef = 6896E64E2443387700953F4D /* EMIDetailViewController.xib */; };
/* End PBXBuildFile section */

/* Begin PBXContainerItemProxy section */
		1C90C015243E0F27001A9960 /* PBXContainerItemProxy */ = {
			isa = PBXContainerItemProxy;
			containerPortal = 1C90BFF3243E0F1A001A9960 /* Project object */;
			proxyType = 1;
			remoteGlobalIDString = 1C90BFFA243E0F1A001A9960;
			remoteInfo = "EMI Calculator";
		};
		1C90C020243E0F27001A9960 /* PBXContainerItemProxy */ = {
			isa = PBXContainerItemProxy;
			containerPortal = 1C90BFF3243E0F1A001A9960 /* Project object */;
			proxyType = 1;
			remoteGlobalIDString = 1C90BFFA243E0F1A001A9960;
			remoteInfo = "EMI Calculator";
		};
/* End PBXContainerItemProxy section */

/* Begin PBXFileReference section */
		1C90BFFB243E0F1A001A9960 /* EMI Calculator.app */ = {isa = PBXFileReference; explicitFileType = wrapper.application; includeInIndex = 0; path = "EMI Calculator.app"; sourceTree = BUILT_PRODUCTS_DIR; };
		1C90BFFE243E0F1A001A9960 /* AppDelegate.swift */ = {isa = PBXFileReference; lastKnownFileType = sourcecode.swift; path = AppDelegate.swift; sourceTree = "<group>"; };
		1C90C000243E0F1A001A9960 /* SceneDelegate.swift */ = {isa = PBXFileReference; lastKnownFileType = sourcecode.swift; path = SceneDelegate.swift; sourceTree = "<group>"; };
		1C90C002243E0F1A001A9960 /* ViewController.swift */ = {isa = PBXFileReference; lastKnownFileType = sourcecode.swift; path = ViewController.swift; sourceTree = "<group>"; };
		1C90C005243E0F1B001A9960 /* Base */ = {isa = PBXFileReference; lastKnownFileType = file.storyboard; name = Base; path = Base.lproj/Main.storyboard; sourceTree = "<group>"; };
		1C90C008243E0F1B001A9960 /* EMI_Calculator.xcdatamodel */ = {isa = PBXFileReference; lastKnownFileType = wrapper.xcdatamodel; path = EMI_Calculator.xcdatamodel; sourceTree = "<group>"; };
		1C90C00A243E0F26001A9960 /* Assets.xcassets */ = {isa = PBXFileReference; lastKnownFileType = folder.assetcatalog; path = Assets.xcassets; sourceTree = "<group>"; };
		1C90C00D243E0F26001A9960 /* Base */ = {isa = PBXFileReference; lastKnownFileType = file.storyboard; name = Base; path = Base.lproj/LaunchScreen.storyboard; sourceTree = "<group>"; };
		1C90C00F243E0F26001A9960 /* Info.plist */ = {isa = PBXFileReference; lastKnownFileType = text.plist.xml; path = Info.plist; sourceTree = "<group>"; };
		1C90C014243E0F27001A9960 /* EMI CalculatorTests.xctest */ = {isa = PBXFileReference; explicitFileType = wrapper.cfbundle; includeInIndex = 0; path = "EMI CalculatorTests.xctest"; sourceTree = BUILT_PRODUCTS_DIR; };
		1C90C018243E0F27001A9960 /* EMI_CalculatorTests.swift */ = {isa = PBXFileReference; lastKnownFileType = sourcecode.swift; path = EMI_CalculatorTests.swift; sourceTree = "<group>"; };
		1C90C01A243E0F27001A9960 /* Info.plist */ = {isa = PBXFileReference; lastKnownFileType = text.plist.xml; path = Info.plist; sourceTree = "<group>"; };
		1C90C01F243E0F27001A9960 /* EMI CalculatorUITests.xctest */ = {isa = PBXFileReference; explicitFileType = wrapper.cfbundle; includeInIndex = 0; path = "EMI CalculatorUITests.xctest"; sourceTree = BUILT_PRODUCTS_DIR; };
		1C90C023243E0F27001A9960 /* EMI_CalculatorUITests.swift */ = {isa = PBXFileReference; lastKnownFileType = sourcecode.swift; path = EMI_CalculatorUITests.swift; sourceTree = "<group>"; };
		1C90C025243E0F27001A9960 /* Info.plist */ = {isa = PBXFileReference; lastKnownFileType = text.plist.xml; path = Info.plist; sourceTree = "<group>"; };
		6896E635244336D500953F4D /* OpenSans-SemiBold.ttf */ = {isa = PBXFileReference; lastKnownFileType = file; path = "OpenSans-SemiBold.ttf"; sourceTree = "<group>"; };
		6896E636244336D600953F4D /* OpenSans-Regular.ttf */ = {isa = PBXFileReference; lastKnownFileType = file; path = "OpenSans-Regular.ttf"; sourceTree = "<group>"; };
		6896E637244336D600953F4D /* OpenSans-Bold.ttf */ = {isa = PBXFileReference; lastKnownFileType = file; path = "OpenSans-Bold.ttf"; sourceTree = "<group>"; };
		6896E63D2443384100953F4D /* EMIDetailCell.swift */ = {isa = PBXFileReference; fileEncoding = 4; lastKnownFileType = sourcecode.swift; path = EMIDetailCell.swift; sourceTree = "<group>"; };
		6896E63E2443384100953F4D /* EMIDetailHeaderCell.xib */ = {isa = PBXFileReference; fileEncoding = 4; lastKnownFileType = file.xib; path = EMIDetailHeaderCell.xib; sourceTree = "<group>"; };
		6896E63F2443384100953F4D /* HistoryCell.xib */ = {isa = PBXFileReference; fileEncoding = 4; lastKnownFileType = file.xib; path = HistoryCell.xib; sourceTree = "<group>"; };
		6896E6402443384100953F4D /* EMIDetailCell.xib */ = {isa = PBXFileReference; fileEncoding = 4; lastKnownFileType = file.xib; path = EMIDetailCell.xib; sourceTree = "<group>"; };
		6896E6412443384100953F4D /* EMIDetailHeaderCell.swift */ = {isa = PBXFileReference; fileEncoding = 4; lastKnownFileType = sourcecode.swift; path = EMIDetailHeaderCell.swift; sourceTree = "<group>"; };
		6896E6422443384100953F4D /* HistoryCell.swift */ = {isa = PBXFileReference; fileEncoding = 4; lastKnownFileType = sourcecode.swift; path = HistoryCell.swift; sourceTree = "<group>"; };
		6896E6492443387700953F4D /* EMIInitialFormViewController.xib */ = {isa = PBXFileReference; fileEncoding = 4; lastKnownFileType = file.xib; path = EMIInitialFormViewController.xib; sourceTree = "<group>"; };
		6896E64A2443387700953F4D /* EMIHistoryViewController.xib */ = {isa = PBXFileReference; fileEncoding = 4; lastKnownFileType = file.xib; path = EMIHistoryViewController.xib; sourceTree = "<group>"; };
		6896E64B2443387700953F4D /* EMIHistoryViewController.swift */ = {isa = PBXFileReference; fileEncoding = 4; lastKnownFileType = sourcecode.swift; path = EMIHistoryViewController.swift; sourceTree = "<group>"; };
		6896E64C2443387700953F4D /* EMIDetailViewController.swift */ = {isa = PBXFileReference; fileEncoding = 4; lastKnownFileType = sourcecode.swift; path = EMIDetailViewController.swift; sourceTree = "<group>"; };
		6896E64D2443387700953F4D /* EMIInitialFormViewController.swift */ = {isa = PBXFileReference; fileEncoding = 4; lastKnownFileType = sourcecode.swift; path = EMIInitialFormViewController.swift; sourceTree = "<group>"; };
		6896E64E2443387700953F4D /* EMIDetailViewController.xib */ = {isa = PBXFileReference; fileEncoding = 4; lastKnownFileType = file.xib; path = EMIDetailViewController.xib; sourceTree = "<group>"; };
/* End PBXFileReference section */

/* Begin PBXFrameworksBuildPhase section */
		1C90BFF8243E0F1A001A9960 /* Frameworks */ = {
			isa = PBXFrameworksBuildPhase;
			buildActionMask = 2147483647;
			files = (
			);
			runOnlyForDeploymentPostprocessing = 0;
		};
		1C90C011243E0F27001A9960 /* Frameworks */ = {
			isa = PBXFrameworksBuildPhase;
			buildActionMask = 2147483647;
			files = (
			);
			runOnlyForDeploymentPostprocessing = 0;
		};
		1C90C01C243E0F27001A9960 /* Frameworks */ = {
			isa = PBXFrameworksBuildPhase;
			buildActionMask = 2147483647;
			files = (
			);
			runOnlyForDeploymentPostprocessing = 0;
		};
/* End PBXFrameworksBuildPhase section */

/* Begin PBXGroup section */
		1C90BFF2243E0F1A001A9960 = {
			isa = PBXGroup;
			children = (
				1C90BFFD243E0F1A001A9960 /* EMI Calculator */,
				1C90C017243E0F27001A9960 /* EMI CalculatorTests */,
				1C90C022243E0F27001A9960 /* EMI CalculatorUITests */,
				1C90BFFC243E0F1A001A9960 /* Products */,
			);
			sourceTree = "<group>";
		};
		1C90BFFC243E0F1A001A9960 /* Products */ = {
			isa = PBXGroup;
			children = (
				1C90BFFB243E0F1A001A9960 /* EMI Calculator.app */,
				1C90C014243E0F27001A9960 /* EMI CalculatorTests.xctest */,
				1C90C01F243E0F27001A9960 /* EMI CalculatorUITests.xctest */,
			);
			name = Products;
			sourceTree = "<group>";
		};
		1C90BFFD243E0F1A001A9960 /* EMI Calculator */ = {
			isa = PBXGroup;
			children = (
				6896E63C244337D300953F4D /* Cell */,
				6896E63B2443379000953F4D /* Controller */,
				6896E6332443368200953F4D /* Fonts */,
				1C90BFFE243E0F1A001A9960 /* AppDelegate.swift */,
				1C90C000243E0F1A001A9960 /* SceneDelegate.swift */,
				1C90C002243E0F1A001A9960 /* ViewController.swift */,
				1C90C004243E0F1B001A9960 /* Main.storyboard */,
				1C90C00A243E0F26001A9960 /* Assets.xcassets */,
				1C90C00C243E0F26001A9960 /* LaunchScreen.storyboard */,
				1C90C00F243E0F26001A9960 /* Info.plist */,
				1C90C007243E0F1B001A9960 /* EMI_Calculator.xcdatamodeld */,
			);
			path = "EMI Calculator";
			sourceTree = "<group>";
		};
		1C90C017243E0F27001A9960 /* EMI CalculatorTests */ = {
			isa = PBXGroup;
			children = (
				1C90C018243E0F27001A9960 /* EMI_CalculatorTests.swift */,
				1C90C01A243E0F27001A9960 /* Info.plist */,
			);
			path = "EMI CalculatorTests";
			sourceTree = "<group>";
		};
		1C90C022243E0F27001A9960 /* EMI CalculatorUITests */ = {
			isa = PBXGroup;
			children = (
				1C90C023243E0F27001A9960 /* EMI_CalculatorUITests.swift */,
				1C90C025243E0F27001A9960 /* Info.plist */,
			);
			path = "EMI CalculatorUITests";
			sourceTree = "<group>";
		};
		6896E6332443368200953F4D /* Fonts */ = {
			isa = PBXGroup;
			children = (
				6896E637244336D600953F4D /* OpenSans-Bold.ttf */,
				6896E636244336D600953F4D /* OpenSans-Regular.ttf */,
				6896E635244336D500953F4D /* OpenSans-SemiBold.ttf */,
			);
			path = Fonts;
			sourceTree = "<group>";
		};
		6896E63B2443379000953F4D /* Controller */ = {
			isa = PBXGroup;
			children = (
				6896E64C2443387700953F4D /* EMIDetailViewController.swift */,
				6896E64E2443387700953F4D /* EMIDetailViewController.xib */,
				6896E64B2443387700953F4D /* EMIHistoryViewController.swift */,
				6896E64A2443387700953F4D /* EMIHistoryViewController.xib */,
				6896E64D2443387700953F4D /* EMIInitialFormViewController.swift */,
				6896E6492443387700953F4D /* EMIInitialFormViewController.xib */,
			);
			path = Controller;
			sourceTree = "<group>";
		};
		6896E63C244337D300953F4D /* Cell */ = {
			isa = PBXGroup;
			children = (
				6896E63D2443384100953F4D /* EMIDetailCell.swift */,
				6896E6402443384100953F4D /* EMIDetailCell.xib */,
				6896E6412443384100953F4D /* EMIDetailHeaderCell.swift */,
				6896E63E2443384100953F4D /* EMIDetailHeaderCell.xib */,
				6896E6422443384100953F4D /* HistoryCell.swift */,
				6896E63F2443384100953F4D /* HistoryCell.xib */,
			);
			path = Cell;
			sourceTree = "<group>";
		};
/* End PBXGroup section */

/* Begin PBXNativeTarget section */
		1C90BFFA243E0F1A001A9960 /* EMI Calculator */ = {
			isa = PBXNativeTarget;
			buildConfigurationList = 1C90C028243E0F27001A9960 /* Build configuration list for PBXNativeTarget "EMI Calculator" */;
			buildPhases = (
				1C90BFF7243E0F1A001A9960 /* Sources */,
				1C90BFF8243E0F1A001A9960 /* Frameworks */,
				1C90BFF9243E0F1A001A9960 /* Resources */,
			);
			buildRules = (
			);
			dependencies = (
			);
			name = "EMI Calculator";
			productName = "EMI Calculator";
			productReference = 1C90BFFB243E0F1A001A9960 /* EMI Calculator.app */;
			productType = "com.apple.product-type.application";
		};
		1C90C013243E0F27001A9960 /* EMI CalculatorTests */ = {
			isa = PBXNativeTarget;
			buildConfigurationList = 1C90C02B243E0F27001A9960 /* Build configuration list for PBXNativeTarget "EMI CalculatorTests" */;
			buildPhases = (
				1C90C010243E0F27001A9960 /* Sources */,
				1C90C011243E0F27001A9960 /* Frameworks */,
				1C90C012243E0F27001A9960 /* Resources */,
			);
			buildRules = (
			);
			dependencies = (
				1C90C016243E0F27001A9960 /* PBXTargetDependency */,
			);
			name = "EMI CalculatorTests";
			productName = "EMI CalculatorTests";
			productReference = 1C90C014243E0F27001A9960 /* EMI CalculatorTests.xctest */;
			productType = "com.apple.product-type.bundle.unit-test";
		};
		1C90C01E243E0F27001A9960 /* EMI CalculatorUITests */ = {
			isa = PBXNativeTarget;
			buildConfigurationList = 1C90C02E243E0F27001A9960 /* Build configuration list for PBXNativeTarget "EMI CalculatorUITests" */;
			buildPhases = (
				1C90C01B243E0F27001A9960 /* Sources */,
				1C90C01C243E0F27001A9960 /* Frameworks */,
				1C90C01D243E0F27001A9960 /* Resources */,
			);
			buildRules = (
			);
			dependencies = (
				1C90C021243E0F27001A9960 /* PBXTargetDependency */,
			);
			name = "EMI CalculatorUITests";
			productName = "EMI CalculatorUITests";
			productReference = 1C90C01F243E0F27001A9960 /* EMI CalculatorUITests.xctest */;
			productType = "com.apple.product-type.bundle.ui-testing";
		};
/* End PBXNativeTarget section */

/* Begin PBXProject section */
		1C90BFF3243E0F1A001A9960 /* Project object */ = {
			isa = PBXProject;
			attributes = {
				LastSwiftUpdateCheck = 1130;
				LastUpgradeCheck = 1130;
				ORGANIZATIONNAME = Indialends;
				TargetAttributes = {
					1C90BFFA243E0F1A001A9960 = {
						CreatedOnToolsVersion = 11.3.1;
					};
					1C90C013243E0F27001A9960 = {
						CreatedOnToolsVersion = 11.3.1;
						TestTargetID = 1C90BFFA243E0F1A001A9960;
					};
					1C90C01E243E0F27001A9960 = {
						CreatedOnToolsVersion = 11.3.1;
						TestTargetID = 1C90BFFA243E0F1A001A9960;
					};
				};
			};
			buildConfigurationList = 1C90BFF6243E0F1A001A9960 /* Build configuration list for PBXProject "EMI Calculator" */;
			compatibilityVersion = "Xcode 9.3";
			developmentRegion = en;
			hasScannedForEncodings = 0;
			knownRegions = (
				en,
				Base,
			);
			mainGroup = 1C90BFF2243E0F1A001A9960;
			productRefGroup = 1C90BFFC243E0F1A001A9960 /* Products */;
			projectDirPath = "";
			projectRoot = "";
			targets = (
				1C90BFFA243E0F1A001A9960 /* EMI Calculator */,
				1C90C013243E0F27001A9960 /* EMI CalculatorTests */,
				1C90C01E243E0F27001A9960 /* EMI CalculatorUITests */,
			);
		};
/* End PBXProject section */

/* Begin PBXResourcesBuildPhase section */
		1C90BFF9243E0F1A001A9960 /* Resources */ = {
			isa = PBXResourcesBuildPhase;
			buildActionMask = 2147483647;
			files = (
				6896E639244336D600953F4D /* OpenSans-Regular.ttf in Resources */,
				6896E6542443387700953F4D /* EMIDetailViewController.xib in Resources */,
				6896E638244336D600953F4D /* OpenSans-SemiBold.ttf in Resources */,
				6896E6452443384100953F4D /* HistoryCell.xib in Resources */,
				6896E6442443384100953F4D /* EMIDetailHeaderCell.xib in Resources */,
				6896E64F2443387700953F4D /* EMIInitialFormViewController.xib in Resources */,
				6896E6462443384100953F4D /* EMIDetailCell.xib in Resources */,
				6896E63A244336D600953F4D /* OpenSans-Bold.ttf in Resources */,
				1C90C00E243E0F26001A9960 /* LaunchScreen.storyboard in Resources */,
				6896E6502443387700953F4D /* EMIHistoryViewController.xib in Resources */,
				1C90C00B243E0F26001A9960 /* Assets.xcassets in Resources */,
				1C90C006243E0F1B001A9960 /* Main.storyboard in Resources */,
			);
			runOnlyForDeploymentPostprocessing = 0;
		};
		1C90C012243E0F27001A9960 /* Resources */ = {
			isa = PBXResourcesBuildPhase;
			buildActionMask = 2147483647;
			files = (
			);
			runOnlyForDeploymentPostprocessing = 0;
		};
		1C90C01D243E0F27001A9960 /* Resources */ = {
			isa = PBXResourcesBuildPhase;
			buildActionMask = 2147483647;
			files = (
			);
			runOnlyForDeploymentPostprocessing = 0;
		};
/* End PBXResourcesBuildPhase section */

/* Begin PBXSourcesBuildPhase section */
		1C90BFF7243E0F1A001A9960 /* Sources */ = {
			isa = PBXSourcesBuildPhase;
			buildActionMask = 2147483647;
			files = (
				1C90C003243E0F1A001A9960 /* ViewController.swift in Sources */,
				6896E6532443387700953F4D /* EMIInitialFormViewController.swift in Sources */,
				6896E6482443384100953F4D /* HistoryCell.swift in Sources */,
				6896E6522443387700953F4D /* EMIDetailViewController.swift in Sources */,
				1C90BFFF243E0F1A001A9960 /* AppDelegate.swift in Sources */,
				1C90C001243E0F1A001A9960 /* SceneDelegate.swift in Sources */,
				6896E6472443384100953F4D /* EMIDetailHeaderCell.swift in Sources */,
				6896E6512443387700953F4D /* EMIHistoryViewController.swift in Sources */,
				6896E6432443384100953F4D /* EMIDetailCell.swift in Sources */,
				1C90C009243E0F1B001A9960 /* EMI_Calculator.xcdatamodeld in Sources */,
			);
			runOnlyForDeploymentPostprocessing = 0;
		};
		1C90C010243E0F27001A9960 /* Sources */ = {
			isa = PBXSourcesBuildPhase;
			buildActionMask = 2147483647;
			files = (
				1C90C019243E0F27001A9960 /* EMI_CalculatorTests.swift in Sources */,
			);
			runOnlyForDeploymentPostprocessing = 0;
		};
		1C90C01B243E0F27001A9960 /* Sources */ = {
			isa = PBXSourcesBuildPhase;
			buildActionMask = 2147483647;
			files = (
				1C90C024243E0F27001A9960 /* EMI_CalculatorUITests.swift in Sources */,
			);
			runOnlyForDeploymentPostprocessing = 0;
		};
/* End PBXSourcesBuildPhase section */

/* Begin PBXTargetDependency section */
		1C90C016243E0F27001A9960 /* PBXTargetDependency */ = {
			isa = PBXTargetDependency;
			target = 1C90BFFA243E0F1A001A9960 /* EMI Calculator */;
			targetProxy = 1C90C015243E0F27001A9960 /* PBXContainerItemProxy */;
		};
		1C90C021243E0F27001A9960 /* PBXTargetDependency */ = {
			isa = PBXTargetDependency;
			target = 1C90BFFA243E0F1A001A9960 /* EMI Calculator */;
			targetProxy = 1C90C020243E0F27001A9960 /* PBXContainerItemProxy */;
		};
/* End PBXTargetDependency section */

/* Begin PBXVariantGroup section */
		1C90C004243E0F1B001A9960 /* Main.storyboard */ = {
			isa = PBXVariantGroup;
			children = (
				1C90C005243E0F1B001A9960 /* Base */,
			);
			name = Main.storyboard;
			sourceTree = "<group>";
		};
		1C90C00C243E0F26001A9960 /* LaunchScreen.storyboard */ = {
			isa = PBXVariantGroup;
			children = (
				1C90C00D243E0F26001A9960 /* Base */,
			);
			name = LaunchScreen.storyboard;
			sourceTree = "<group>";
		};
/* End PBXVariantGroup section */

/* Begin XCBuildConfiguration section */
		1C90C026243E0F27001A9960 /* Debug */ = {
			isa = XCBuildConfiguration;
			buildSettings = {
				ALWAYS_SEARCH_USER_PATHS = NO;
				CLANG_ANALYZER_NONNULL = YES;
				CLANG_ANALYZER_NUMBER_OBJECT_CONVERSION = YES_AGGRESSIVE;
				CLANG_CXX_LANGUAGE_STANDARD = "gnu++14";
				CLANG_CXX_LIBRARY = "libc++";
				CLANG_ENABLE_MODULES = YES;
				CLANG_ENABLE_OBJC_ARC = YES;
				CLANG_ENABLE_OBJC_WEAK = YES;
				CLANG_WARN_BLOCK_CAPTURE_AUTORELEASING = YES;
				CLANG_WARN_BOOL_CONVERSION = YES;
				CLANG_WARN_COMMA = YES;
				CLANG_WARN_CONSTANT_CONVERSION = YES;
				CLANG_WARN_DEPRECATED_OBJC_IMPLEMENTATIONS = YES;
				CLANG_WARN_DIRECT_OBJC_ISA_USAGE = YES_ERROR;
				CLANG_WARN_DOCUMENTATION_COMMENTS = YES;
				CLANG_WARN_EMPTY_BODY = YES;
				CLANG_WARN_ENUM_CONVERSION = YES;
				CLANG_WARN_INFINITE_RECURSION = YES;
				CLANG_WARN_INT_CONVERSION = YES;
				CLANG_WARN_NON_LITERAL_NULL_CONVERSION = YES;
				CLANG_WARN_OBJC_IMPLICIT_RETAIN_SELF = YES;
				CLANG_WARN_OBJC_LITERAL_CONVERSION = YES;
				CLANG_WARN_OBJC_ROOT_CLASS = YES_ERROR;
				CLANG_WARN_RANGE_LOOP_ANALYSIS = YES;
				CLANG_WARN_STRICT_PROTOTYPES = YES;
				CLANG_WARN_SUSPICIOUS_MOVE = YES;
				CLANG_WARN_UNGUARDED_AVAILABILITY = YES_AGGRESSIVE;
				CLANG_WARN_UNREACHABLE_CODE = YES;
				CLANG_WARN__DUPLICATE_METHOD_MATCH = YES;
				COPY_PHASE_STRIP = NO;
				DEBUG_INFORMATION_FORMAT = dwarf;
				ENABLE_STRICT_OBJC_MSGSEND = YES;
				ENABLE_TESTABILITY = YES;
				GCC_C_LANGUAGE_STANDARD = gnu11;
				GCC_DYNAMIC_NO_PIC = NO;
				GCC_NO_COMMON_BLOCKS = YES;
				GCC_OPTIMIZATION_LEVEL = 0;
				GCC_PREPROCESSOR_DEFINITIONS = (
					"DEBUG=1",
					"$(inherited)",
				);
				GCC_WARN_64_TO_32_BIT_CONVERSION = YES;
				GCC_WARN_ABOUT_RETURN_TYPE = YES_ERROR;
				GCC_WARN_UNDECLARED_SELECTOR = YES;
				GCC_WARN_UNINITIALIZED_AUTOS = YES_AGGRESSIVE;
				GCC_WARN_UNUSED_FUNCTION = YES;
				GCC_WARN_UNUSED_VARIABLE = YES;
				IPHONEOS_DEPLOYMENT_TARGET = 13.2;
				MTL_ENABLE_DEBUG_INFO = INCLUDE_SOURCE;
				MTL_FAST_MATH = YES;
				ONLY_ACTIVE_ARCH = YES;
				SDKROOT = iphoneos;
				SWIFT_ACTIVE_COMPILATION_CONDITIONS = DEBUG;
				SWIFT_OPTIMIZATION_LEVEL = "-Onone";
			};
			name = Debug;
		};
		1C90C027243E0F27001A9960 /* Release */ = {
			isa = XCBuildConfiguration;
			buildSettings = {
				ALWAYS_SEARCH_USER_PATHS = NO;
				CLANG_ANALYZER_NONNULL = YES;
				CLANG_ANALYZER_NUMBER_OBJECT_CONVERSION = YES_AGGRESSIVE;
				CLANG_CXX_LANGUAGE_STANDARD = "gnu++14";
				CLANG_CXX_LIBRARY = "libc++";
				CLANG_ENABLE_MODULES = YES;
				CLANG_ENABLE_OBJC_ARC = YES;
				CLANG_ENABLE_OBJC_WEAK = YES;
				CLANG_WARN_BLOCK_CAPTURE_AUTORELEASING = YES;
				CLANG_WARN_BOOL_CONVERSION = YES;
				CLANG_WARN_COMMA = YES;
				CLANG_WARN_CONSTANT_CONVERSION = YES;
				CLANG_WARN_DEPRECATED_OBJC_IMPLEMENTATIONS = YES;
				CLANG_WARN_DIRECT_OBJC_ISA_USAGE = YES_ERROR;
				CLANG_WARN_DOCUMENTATION_COMMENTS = YES;
				CLANG_WARN_EMPTY_BODY = YES;
				CLANG_WARN_ENUM_CONVERSION = YES;
				CLANG_WARN_INFINITE_RECURSION = YES;
				CLANG_WARN_INT_CONVERSION = YES;
				CLANG_WARN_NON_LITERAL_NULL_CONVERSION = YES;
				CLANG_WARN_OBJC_IMPLICIT_RETAIN_SELF = YES;
				CLANG_WARN_OBJC_LITERAL_CONVERSION = YES;
				CLANG_WARN_OBJC_ROOT_CLASS = YES_ERROR;
				CLANG_WARN_RANGE_LOOP_ANALYSIS = YES;
				CLANG_WARN_STRICT_PROTOTYPES = YES;
				CLANG_WARN_SUSPICIOUS_MOVE = YES;
				CLANG_WARN_UNGUARDED_AVAILABILITY = YES_AGGRESSIVE;
				CLANG_WARN_UNREACHABLE_CODE = YES;
				CLANG_WARN__DUPLICATE_METHOD_MATCH = YES;
				COPY_PHASE_STRIP = NO;
				DEBUG_INFORMATION_FORMAT = "dwarf-with-dsym";
				ENABLE_NS_ASSERTIONS = NO;
				ENABLE_STRICT_OBJC_MSGSEND = YES;
				GCC_C_LANGUAGE_STANDARD = gnu11;
				GCC_NO_COMMON_BLOCKS = YES;
				GCC_WARN_64_TO_32_BIT_CONVERSION = YES;
				GCC_WARN_ABOUT_RETURN_TYPE = YES_ERROR;
				GCC_WARN_UNDECLARED_SELECTOR = YES;
				GCC_WARN_UNINITIALIZED_AUTOS = YES_AGGRESSIVE;
				GCC_WARN_UNUSED_FUNCTION = YES;
				GCC_WARN_UNUSED_VARIABLE = YES;
				IPHONEOS_DEPLOYMENT_TARGET = 13.2;
				MTL_ENABLE_DEBUG_INFO = NO;
				MTL_FAST_MATH = YES;
				SDKROOT = iphoneos;
				SWIFT_COMPILATION_MODE = wholemodule;
				SWIFT_OPTIMIZATION_LEVEL = "-O";
				VALIDATE_PRODUCT = YES;
			};
			name = Release;
		};
		1C90C029243E0F27001A9960 /* Debug */ = {
			isa = XCBuildConfiguration;
			buildSettings = {
				ASSETCATALOG_COMPILER_APPICON_NAME = AppIcon;
				CODE_SIGN_STYLE = Automatic;
				DEVELOPMENT_TEAM = 3HJW493893;
				INFOPLIST_FILE = "EMI Calculator/Info.plist";
				LD_RUNPATH_SEARCH_PATHS = (
					"$(inherited)",
					"@executable_path/Frameworks",
				);
				PRODUCT_BUNDLE_IDENTIFIER = "com.indialends.indialendsios.EMI-Calculator";
				PRODUCT_NAME = "$(TARGET_NAME)";
				SWIFT_VERSION = 5.0;
				TARGETED_DEVICE_FAMILY = "1,2";
			};
			name = Debug;
		};
		1C90C02A243E0F27001A9960 /* Release */ = {
			isa = XCBuildConfiguration;
			buildSettings = {
				ASSETCATALOG_COMPILER_APPICON_NAME = AppIcon;
				CODE_SIGN_STYLE = Automatic;
				DEVELOPMENT_TEAM = 3HJW493893;
				INFOPLIST_FILE = "EMI Calculator/Info.plist";
				LD_RUNPATH_SEARCH_PATHS = (
					"$(inherited)",
					"@executable_path/Frameworks",
				);
				PRODUCT_BUNDLE_IDENTIFIER = "com.indialends.indialendsios.EMI-Calculator";
				PRODUCT_NAME = "$(TARGET_NAME)";
				SWIFT_VERSION = 5.0;
				TARGETED_DEVICE_FAMILY = "1,2";
			};
			name = Release;
		};
		1C90C02C243E0F27001A9960 /* Debug */ = {
			isa = XCBuildConfiguration;
			buildSettings = {
				ALWAYS_EMBED_SWIFT_STANDARD_LIBRARIES = YES;
				BUNDLE_LOADER = "$(TEST_HOST)";
				CODE_SIGN_STYLE = Automatic;
				DEVELOPMENT_TEAM = DY99HPLWZG;
				INFOPLIST_FILE = "EMI CalculatorTests/Info.plist";
				IPHONEOS_DEPLOYMENT_TARGET = 13.2;
				LD_RUNPATH_SEARCH_PATHS = (
					"$(inherited)",
					"@executable_path/Frameworks",
					"@loader_path/Frameworks",
				);
				PRODUCT_BUNDLE_IDENTIFIER = "com.indialends.indialendsios.EMI-CalculatorTests";
				PRODUCT_NAME = "$(TARGET_NAME)";
				SWIFT_VERSION = 5.0;
				TARGETED_DEVICE_FAMILY = "1,2";
				TEST_HOST = "$(BUILT_PRODUCTS_DIR)/EMI Calculator.app/EMI Calculator";
			};
			name = Debug;
		};
		1C90C02D243E0F27001A9960 /* Release */ = {
			isa = XCBuildConfiguration;
			buildSettings = {
				ALWAYS_EMBED_SWIFT_STANDARD_LIBRARIES = YES;
				BUNDLE_LOADER = "$(TEST_HOST)";
				CODE_SIGN_STYLE = Automatic;
				DEVELOPMENT_TEAM = DY99HPLWZG;
				INFOPLIST_FILE = "EMI CalculatorTests/Info.plist";
				IPHONEOS_DEPLOYMENT_TARGET = 13.2;
				LD_RUNPATH_SEARCH_PATHS = (
					"$(inherited)",
					"@executable_path/Frameworks",
					"@loader_path/Frameworks",
				);
				PRODUCT_BUNDLE_IDENTIFIER = "com.indialends.indialendsios.EMI-CalculatorTests";
				PRODUCT_NAME = "$(TARGET_NAME)";
				SWIFT_VERSION = 5.0;
				TARGETED_DEVICE_FAMILY = "1,2";
				TEST_HOST = "$(BUILT_PRODUCTS_DIR)/EMI Calculator.app/EMI Calculator";
			};
			name = Release;
		};
		1C90C02F243E0F27001A9960 /* Debug */ = {
			isa = XCBuildConfiguration;
			buildSettings = {
				ALWAYS_EMBED_SWIFT_STANDARD_LIBRARIES = YES;
				CODE_SIGN_STYLE = Automatic;
				DEVELOPMENT_TEAM = DY99HPLWZG;
				INFOPLIST_FILE = "EMI CalculatorUITests/Info.plist";
				LD_RUNPATH_SEARCH_PATHS = (
					"$(inherited)",
					"@executable_path/Frameworks",
					"@loader_path/Frameworks",
				);
				PRODUCT_BUNDLE_IDENTIFIER = "com.indialends.indialendsios.EMI-CalculatorUITests";
				PRODUCT_NAME = "$(TARGET_NAME)";
				SWIFT_VERSION = 5.0;
				TARGETED_DEVICE_FAMILY = "1,2";
				TEST_TARGET_NAME = "EMI Calculator";
			};
			name = Debug;
		};
		1C90C030243E0F27001A9960 /* Release */ = {
			isa = XCBuildConfiguration;
			buildSettings = {
				ALWAYS_EMBED_SWIFT_STANDARD_LIBRARIES = YES;
				CODE_SIGN_STYLE = Automatic;
				DEVELOPMENT_TEAM = DY99HPLWZG;
				INFOPLIST_FILE = "EMI CalculatorUITests/Info.plist";
				LD_RUNPATH_SEARCH_PATHS = (
					"$(inherited)",
					"@executable_path/Frameworks",
					"@loader_path/Frameworks",
				);
				PRODUCT_BUNDLE_IDENTIFIER = "com.indialends.indialendsios.EMI-CalculatorUITests";
				PRODUCT_NAME = "$(TARGET_NAME)";
				SWIFT_VERSION = 5.0;
				TARGETED_DEVICE_FAMILY = "1,2";
				TEST_TARGET_NAME = "EMI Calculator";
			};
			name = Release;
		};
/* End XCBuildConfiguration section */

/* Begin XCConfigurationList section */
		1C90BFF6243E0F1A001A9960 /* Build configuration list for PBXProject "EMI Calculator" */ = {
			isa = XCConfigurationList;
			buildConfigurations = (
				1C90C026243E0F27001A9960 /* Debug */,
				1C90C027243E0F27001A9960 /* Release */,
			);
			defaultConfigurationIsVisible = 0;
			defaultConfigurationName = Release;
		};
		1C90C028243E0F27001A9960 /* Build configuration list for PBXNativeTarget "EMI Calculator" */ = {
			isa = XCConfigurationList;
			buildConfigurations = (
				1C90C029243E0F27001A9960 /* Debug */,
				1C90C02A243E0F27001A9960 /* Release */,
			);
			defaultConfigurationIsVisible = 0;
			defaultConfigurationName = Release;
		};
		1C90C02B243E0F27001A9960 /* Build configuration list for PBXNativeTarget "EMI CalculatorTests" */ = {
			isa = XCConfigurationList;
			buildConfigurations = (
				1C90C02C243E0F27001A9960 /* Debug */,
				1C90C02D243E0F27001A9960 /* Release */,
			);
			defaultConfigurationIsVisible = 0;
			defaultConfigurationName = Release;
		};
		1C90C02E243E0F27001A9960 /* Build configuration list for PBXNativeTarget "EMI CalculatorUITests" */ = {
			isa = XCConfigurationList;
			buildConfigurations = (
				1C90C02F243E0F27001A9960 /* Debug */,
				1C90C030243E0F27001A9960 /* Release */,
			);
			defaultConfigurationIsVisible = 0;
			defaultConfigurationName = Release;
		};
/* End XCConfigurationList section */

/* Begin XCVersionGroup section */
		1C90C007243E0F1B001A9960 /* EMI_Calculator.xcdatamodeld */ = {
			isa = XCVersionGroup;
			children = (
				1C90C008243E0F1B001A9960 /* EMI_Calculator.xcdatamodel */,
			);
			currentVersion = 1C90C008243E0F1B001A9960 /* EMI_Calculator.xcdatamodel */;
			path = EMI_Calculator.xcdatamodeld;
			sourceTree = "<group>";
			versionGroupType = wrapper.xcdatamodel;
		};
/* End XCVersionGroup section */
	};
	rootObject = 1C90BFF3243E0F1A001A9960 /* Project object */;
}
